{
    "_meta": {
        "hash": {
            "sha256": "bcec56df134a4664a3079f0b3816d5a02ec827e6d895f84d845fb98ddca3986b"
        },
        "pipfile-spec": 6,
        "requires": {
            "python_version": "3.8"
        },
        "sources": [
            {
                "name": "pypi",
                "url": "https://pypi.org/simple",
                "verify_ssl": true
            }
        ]
    },
    "default": {
        "aria2p": {
            "hashes": [
                "sha256:13637e44dbeb27be4e4fe96b4dfca18857a999727852aeb59984768e33de7eb8",
                "sha256:8f5b1b4f7ab562c6fee5a4f21830aac4387d65179dba2dfdb043b23a3c219d21"
            ],
            "index": "pypi",
            "version": "==0.10.1"
        },
        "certifi": {
            "hashes": [
                "sha256:1a4995114262bffbc2413b159f2a1a480c969de6e6eb13ee966d470af86af59c",
                "sha256:719a74fb9e33b9bd44cc7f3a8d94bc35e4049deebe19ba7d8e108280cfd59830"
            ],
            "version": "==2020.12.5"
        },
        "chardet": {
            "hashes": [
                "sha256:0d6f53a15db4120f2b08c94f11e7d93d2c911ee118b6b30a04ec3ee8310179fa",
                "sha256:f864054d66fd9118f2e67044ac8981a54775ec5b67aed0441892edb553d21da5"
            ],
            "version": "==4.0.0"
        },
        "feedparser": {
            "hashes": [
                "sha256:1b00a105425f492f3954fd346e5b524ca9cef3a4bbf95b8809470e9857aa1074",
                "sha256:f596c4b34fb3e2dc7e6ac3a8191603841e8d5d267210064e94d4238737452ddd"
            ],
            "index": "pypi",
            "version": "==6.0.2"
        },
        "idna": {
            "hashes": [
                "sha256:b307872f855b18632ce0c21c5e45be78c0ea7ae4c15c828c20788b26921eb3f6",
                "sha256:b97d804b1e9b523befed77c48dacec60e6dcb0b5391d57af6a65a312a90648c0"
            ],
            "version": "==2.10"
        },
        "loguru": {
            "hashes": [
                "sha256:b28e72ac7a98be3d28ad28570299a393dfcd32e5e3f6a353dec94675767b6319",
                "sha256:f8087ac396b5ee5f67c963b495d615ebbceac2796379599820e324419d53667c"
            ],
            "version": "==0.5.3"
        },
        "pyperclip": {
            "hashes": [
                "sha256:9abef1e79ce635eb62309ecae02dfb5a3eb952fa7d6dce09c1aef063f81424d3"
            ],
            "version": "==1.8.1"
        },
        "pyyaml": {
            "hashes": [
                "sha256:06a0d7ba600ce0b2d2fe2e78453a470b5a6e000a985dd4a4e54e436cc36b0e97",
                "sha256:240097ff019d7c70a4922b6869d8a86407758333f02203e0fc6ff79c5dcede76",
                "sha256:4f4b913ca1a7319b33cfb1369e91e50354d6f07a135f3b901aca02aa95940bd2",
                "sha256:6034f55dab5fea9e53f436aa68fa3ace2634918e8b5994d82f3621c04ff5ed2e",
                "sha256:69f00dca373f240f842b2931fb2c7e14ddbacd1397d57157a9b005a6a9942648",
                "sha256:73f099454b799e05e5ab51423c7bcf361c58d3206fa7b0d555426b1f4d9a3eaf",
                "sha256:74809a57b329d6cc0fdccee6318f44b9b8649961fa73144a98735b0aaf029f1f",
                "sha256:7739fc0fa8205b3ee8808aea45e968bc90082c10aef6ea95e855e10abf4a37b2",
                "sha256:95f71d2af0ff4227885f7a6605c37fd53d3a106fcab511b8860ecca9fcf400ee",
                "sha256:ad9c67312c84def58f3c04504727ca879cb0013b2517c85a9a253f0cb6380c0a",
                "sha256:b8eac752c5e14d3eca0e6dd9199cd627518cb5ec06add0de9d32baeee6fe645d",
                "sha256:cc8955cfbfc7a115fa81d85284ee61147059a753344bc51098f3ccd69b0d7e0c",
                "sha256:d13155f591e6fcc1ec3b30685d50bf0711574e2c0dfffd7644babf8b5102ca1a"
            ],
            "index": "pypi",
            "version": "==5.3.1"
        },
        "requests": {
            "hashes": [
                "sha256:27973dd4a904a4f13b263a19c866c13b92a39ed1c964655f025f3f8d3d75b804",
                "sha256:c210084e36a42ae6b9219e00e48287def368a26d03a048ddad7bfee44f75871e"
            ],
            "index": "pypi",
            "version": "==2.25.1"
        },
        "sgmllib3k": {
            "hashes": [
                "sha256:7868fb1c8bfa764c1ac563d3cf369c381d1325d36124933a726f29fcdaa812e9"
            ],
            "version": "==1.0.0"
        },
        "six": {
            "hashes": [
                "sha256:30639c035cdb23534cd4aa2dd52c3bf48f06e5f4a941509c8bafd8ce11080259",
                "sha256:8b74bedcbbbaca38ff6d7491d76f2b06b3592611af620f8426e82dddb04a5ced"
            ],
            "version": "==1.15.0"
        },
        "sqlalchemy": {
            "hashes": [
                "sha256:00d377c3fc069ba615091dee73b90446388091123a8d976c24376eb1044cba6f",
                "sha256:0bc49cba55b01b6827d1c303486da1afaaaf65a7a4d0e2be2cbc31c0f56752dc",
                "sha256:0f7b310fd84cf81d49c9aa1fb5eaeba2d16c490e8d3969586cd1eb8e4aedefbf",
                "sha256:0f851547a28a4c2bd5b7fc6d05a306b9460d6f7a256989af11d8ddcdc386cc46",
                "sha256:16de3aad992eddbce3204832947bafd92b5de50364aea353cd21127132cee2ca",
                "sha256:20fd664489567d23eb049a0441ddc057cba46f704bb1980c2ac0c6a47a9c32c7",
                "sha256:24c1dbc7089dc88fba12f1fdd0ea42f57d111a54a9071c745264c00e73152fe8",
                "sha256:3c024c191e019bd673fe48cdf3bca1215f971bfd189838841903fa12ef206fb4",
                "sha256:3f4c7463703030470f2af3e988681ab2fa08270282fc55ede448aed0854ca8ba",
                "sha256:40c56eba051c504f85ea6cbc2cb4ec2bb83f06e8479041075a16b35f0bae3400",
                "sha256:4329ca33a1c266ec9910ca697821f2a712d34089092fad9f9666ea193c5e02fa",
                "sha256:4346ffc0a8756bfd8db4679c9bb52564f74fe1ffd60e6899db06823f111dbd9c",
                "sha256:4a128f45f404d78bbb0a629cc58dd090bdfded37e568c4016cf2252585eb018a",
                "sha256:4d35478f0dd39eb3439f5970cc2c8396bb5c4881c4f8e3900ba041b4103ed86b",
                "sha256:561a6a3e799c59c6221e4e50deb18bc97434b480fb4a68da3623b609fb38f428",
                "sha256:574e4da65e2f9cf083b24e34c10db2aeae8a7642628ef2c0e26ff202c1fd58f0",
                "sha256:61bb5c71837845ee31c0cbe87b3c7f92652dbeafa10295f45610ea6bf349d887",
                "sha256:6b3e85d513a3d59437047c262ff99d801f5727f6a25497aa6880da44f33d0170",
                "sha256:7478f45f9b3cf2a2cb8808fd8ffe436e92f7332d4da1f4e8c559d5602189ac4b",
                "sha256:7a1387fe4cd491122b49af565fb833b90dd1ecf360dd76173b75253981bea5bb",
                "sha256:87b8314132081da1d3aa46dcd7b7a6ce7dc76cf7941471e659f740138a725a07",
                "sha256:8952188c690e521ee2a33a7ff2b878a5dc475e389d85085e585104d819f2d8b1",
                "sha256:8eef062f9dacc32b4d498a2822ce5a61badb041b202c448e829c253051d24ef0",
                "sha256:94dbaf31729e2108050351b830b9f304bfa4838f8c60981b0b46cf257e528f17",
                "sha256:b25856479c240e0ecf28562d3c4cf1b4786ad2c0a7825b9d67c1db6293156bae",
                "sha256:bac445ed686fc0be02f6b4d64e5702ea5b4eef9849a7ad16522b2eea95d1dd3a",
                "sha256:be4ac1036512db122964e4a41dc9bc08815ed772e37ac2a481fa825f58fcf5ee",
                "sha256:c08baad28cb37dd35fa4c227fc4c312b1f65f7bb19a557995e160cce80b58b2c",
                "sha256:c3651d8023a9bba79c9d2c80c745237fd7ee77f001bd6c9aab9350024f0e8d01",
                "sha256:cf4977686e92f59cb965959dd2076e1a4c06f37ebb263a9674721aaec02684d4",
                "sha256:d366bc4d0655a7926733e1b29258cc3c876b8520b61923e4838954eb0e3ec290",
                "sha256:d45170c234e0294a2a46cdc46b487ccb708aaf927f54da1862c75d723f494e5e",
                "sha256:d6090f68ba8db34864f9befd3aab60e60642443c57a65b781d43f4088514e4c6",
                "sha256:dc87984befa099d42f1cd5ab9e298864af1acc568932716c33ba78dde8241a01",
                "sha256:de707a9aa9395d44d427793ea77403698f9193b9fc7d81139c03f7239d88c4ae",
                "sha256:dff61e81cbabdb4dd6dee421ae8842b3191468a602e909e23940890f553f7ac3",
                "sha256:f462b59addafcf69570164bdfa1e7f44653653ae571b7964fad50132b8c1b608",
                "sha256:f84c06915c752e25068151b834b3470307317a73ddae8b9def034face0e7ef37"
            ],
            "index": "pypi",
            "version": "==1.3.21"
        },
        "toml": {
            "hashes": [
                "sha256:806143ae5bfb6a3c6e736a764057db0e6a0e05e338b5630894a5f779cabb4f9b",
                "sha256:b3bda1d108d5dd99f4a20d24d9c348e91c4db7ab1b749200bded2f839ccbe68f"
            ],
            "version": "==0.10.2"
        },
        "urllib3": {
            "hashes": [
                "sha256:19188f96923873c92ccb987120ec4acaa12f0461fa9ce5d3d0772bc965a39e08",
                "sha256:d8ff90d979214d7b4f8ce956e80f4028fc6860e4431f731ea4a8c08f23f99473"
            ],
            "version": "==1.26.2"
        },
        "websocket-client": {
            "hashes": [
                "sha256:0fc45c961324d79c781bab301359d5a1b00b13ad1b10415a4780229ef71a5549",
                "sha256:d735b91d6d1692a6a181f2a8c9e0238e5f6373356f561bb9dc4c7af36f452010"
            ],
            "version": "==0.57.0"
        },
        "win32-setctime": {
            "hashes": [
                "sha256:4e88556c32fdf47f64165a2180ba4552f8bb32c1103a2fafd05723a0bd42bd4b",
                "sha256:dc925662de0a6eb987f0b01f599c01a8236cb8c62831c22d9cada09ad958243e"
            ],
            "index": "pypi",
            "version": "==1.0.3"
        },
        "xdg": {
            "hashes": [
                "sha256:bf9032b027e3061d38c362a21b14dcf057a5b5a4906956f8e8278cefdf73f38b",
                "sha256:c939c99def394cbaf765a3ee55efd6ea7e4c5eaed8d9ebc2d03af84ba35dec57"
            ],
            "version": "==4.0.1"
        }
    },
    "develop": {}
}
